
Microsoft Visual Studio Solution File, Format Version 12.00
# Visual Studio Version 17
VisualStudioVersion = 17.9.34714.143
MinimumVisualStudioVersion = 10.0.40219.1
Project("{FAE04EC0-301F-11D3-BF4B-00C04F79EFBC}") = "dotnetclientapp", "dotnetclientapp.csproj", "{26858E43-FEC4-4880-99C4-0F5CF4966517}"
EndProject
Global
	GlobalSection(SolutionConfigurationPlatforms) = preSolution
		Debug|Any CPU = Debug|Any CPU
		Release|Any CPU = Release|Any CPU
	EndGlobalSection
	GlobalSection(ProjectConfigurationPlatforms) = postSolution
		{26858E43-FEC4-4880-99C4-0F5CF4966517}.Debug|Any CPU.ActiveCfg = Debug|Any CPU
		{26858E43-FEC4-4880-99C4-0F5CF4966517}.Debug|Any CPU.Build.0 = Debug|Any CPU
		{26858E43-FEC4-4880-99C4-0F5CF4966517}.Release|Any CPU.ActiveCfg = Release|Any CPU
		{26858E43-FEC4-4880-99C4-0F5CF4966517}.Release|Any CPU.Build.0 = Release|Any CPU
	EndGlobalSection
	GlobalSection(SolutionProperties) = preSolution
		HideSolutionNode = FALSE
	EndGlobalSection
	GlobalSection(ExtensibilityGlobals) = postSolution
		SolutionGuid = {B3719607-C25D-46C0-BAD5-25053DCA2B41}
	EndGlobalSection
EndGlobal
